version: 1
checksums:
  29ba5363b2b0f1cc53dd4a667d52f86e:
    md-section-0: 4c6df47176b1d587fef41e47aea4d7f4
    md-section-1: 4728a6287bfa989bd038a1427917764e
    md-section-2: e33cd9539da0b03b8e630f00c6497708
    md-section-3: 3620411d5d5269697098a2f48fd2300c
    md-section-4: 10921a1656fe70cee91794ef88b334bb
    md-section-5: 547902a82d48ac6ac19b63797a21b6e3
    md-section-6: 1439973e5f597922d3fa6ed72280280e
    md-section-7: d807b6dfe81b5dc694070761d5f84ff0
    md-section-8: e7881ae7cd5323a925de529e0455c464
    md-section-9: 75fd9ee4563cf5658cee2bd08cfac285
    md-section-10: 1d18b63126baa6ec29d364cd1fa43268
    md-section-11: 3735c646f4a45b76cfc8d17876ca9e78
    md-section-12: b9e3ff36c6e347b874d27ae61a7bdd06
    md-section-13: 296b62b8246655783abb052076e160ce
    md-section-14: 9f9f799b09b5a2bdad13a45e5ba3cfd6
    md-section-15: cf8a21e4c83c137124f41aa2a86a6079
    md-section-16: fef61847c368233e5eb694e3ede8c8da
    md-section-17: e4ca514290d47807ca29bf363e2639e5
    md-section-18: cbdbf52703540c2e975e7858e90dd1f5
    md-section-19: abe59bab6da32419b929894bb2e99f98
    md-section-20: c7c8e3f78f4ab34b30dc0c2532f17898
    md-section-21: f8c2f53155acc08b4ced42864d396221
    md-section-22: 8ad16307794a2555d2e67a1fee6b877b
