version: 1
checksums:
  77624f597c2092ea61483d71313398c3:
    meta/title: e2fb2a02229795be33772c83e43d6ec0
    meta/description: 22cb80fdc3ff54436a6e911c897b5563
    content/0: 8669019fdbb2cfc2d94a8fdc76333289
    content/1: 0b3e6591c20e9c2f7995fb8ea8150c0d
    content/2: a885b09c29f2d77fbb7240e8ecb82d71
    content/3: 3db42a3ab228c0867d2904c8d9326e78
    content/4: fc67acac41259de6a882fb90a0ba97c7
    content/5: f962f29f56ae53c1e45c7f84972845fe
    content/6: 48a70bf3dc2328eaa3d0a0fa0da266b6
    content/7: 51229b58a8a0092674e11f0b779cc669
    content/8: 8d16b73b16f0247208893f7832306e14
    content/9: 8bb8615f257ea78084a436256f6a0383
    content/10: c7d13744dbfb66641d7bfe744274668c
    content/11: fbb2ae34b45a0d9d1aae59fdcb7f3697
    content/12: 29b0c41292ab1b8dd84bc7019ab8c110
    content/13: 57a519330e9311aac242f67fb675da40
    content/14: 1983a13000b7186a172b411f752f5a87
    content/15: fb506d8078da4d699b0bb09af7859ba2
    content/16: df3fc2cca7a7dbd073411c12538cc2d8
    content/17: 75434b5cec52c7992e82b16ed153622f
    content/18: 263450bda03a8f3e199fd6f6f7f18df3
    content/19: 2612c038df28b262f30bd206c3e2bb92
    content/20: 532c64fa539ecfda6b819d79ffc978a5
    content/21: da09c2469f4b0071c4440e74c889f7eb
    content/22: 36e1c42c25ffc7553a7fc9f85fe153f3
    content/23: fbd131eeabc1ba1f12de14e44c60155b
    content/24: c2ba183b236c80dc82945312cff3a73a
    content/25: 30934cc98ee9bc0531e55076b78cbfb1
    content/26: d2f34271c2fb61407a3d97b73b399c4b
    content/27: 532c64fa539ecfda6b819d79ffc978a5
    content/28: 054a37a1e8b899ef4d50fefcd6a8c288
    content/29: 36e1c42c25ffc7553a7fc9f85fe153f3
    content/30: 19b55aecf778111519f6fc34f790b317
    content/31: 47559c448d86e0b8454be7edc8b9b1a5
    content/32: fbd131eeabc1ba1f12de14e44c60155b
    content/33: 1c66dcf6b3d552f266f255bf4bcf79a8
    content/34: ea7b33b2f720d0a0edb3898491f4460c
    content/35: e9e9cfa3981eb2000daa3a32ed6d67cb
    content/36: 42d1cbe8080ec442fac8d36c5c355250
    content/37: d7624486811d1ffac1e0271f9d490e62
    content/38: 22bee2c7876b4a0432388ce3c2c5581a
    content/39: a1fa3c9086f58b9634fd2f80a1059f7d
    content/40: 532c64fa539ecfda6b819d79ffc978a5
    content/41: e850178aecaca59ab569c4640ddcb82d
    content/42: 9c92bb299f2c90cb5e61584ddb965f11
    content/43: c23863a0bf30dca05d9673cd46882e5a
    content/44: 93e97b200e02f64d812b6f99a2ab27d7
    content/45: e4458dc85a36ff38ab59085fea95bd29
    content/46: 95c7dfe3ef2d9e8f1791aadb54964029
    content/47: b7cda597f2c572a5399b52381e1d22e5
    content/48: 43763947f32df467cd79fe7317b788e0
    content/49: fbd131eeabc1ba1f12de14e44c60155b
    content/50: f2adbf230d0cc2d692e0874d70eb3761
    content/51: 3a7ef3a9d8ac3324a2fbc0295dff316b
    content/52: ab22c2877d37961ad7081bac762ff40a
    content/53: 94511f66a74c07c008f4926046f118f3
    content/54: 07b70955bc8542fa69f68e5c9ac79fea
    content/55: 532c64fa539ecfda6b819d79ffc978a5
    content/56: 8198784dc73b24684412f2f064af7fae
    content/57: fbd131eeabc1ba1f12de14e44c60155b
    content/58: 8193a8c88b54c40f110fe91ac7991b2a
    content/59: e9e2b3c60c56bc817a203c4276e43f97
    content/60: 19c5246e25bd7e7ee7301c2ccb25649c
    content/61: b34ef3f974c3e496a4c8428cc7ec34ab
    content/62: 198efa2ace291a6e2341212e1fa13173
    content/63: 0c4ce0fc7100db6818cfd3b8f54ef7ab
    content/64: 532c64fa539ecfda6b819d79ffc978a5
    content/65: 4baf7c60f192458c2cf580d80bf45886
    content/66: b51c649ded1f5129607321e17cda50ac
    content/67: 5de887a8bb95f41420bc8471cd6ba237
    content/68: 6ab7c9811fb962d0cd6af1317cba58a6
    content/69: 587ab6a3de61d60e72157e0364cc450a
    content/70: 0312b2ae592aced8f69ecffd07f3a8c4
    content/71: fbd131eeabc1ba1f12de14e44c60155b
    content/72: 71cd921ee08deb528dc5ed88e734366d
    content/73: 748e148725bb7dce6aeb37583314022d
    content/74: cd0012f82026e5259c82a8a01f93548d
    content/75: b1044ce7c8c728161623de5149031da7
    content/76: 8afa48b66aafb543572ece965caa92b5
    content/77: 1be302529ca305e6dd9c43e0c4ce062c
    content/78: 532c64fa539ecfda6b819d79ffc978a5
    content/79: 8c308e80377a7228021a4c71b75f7e5b
    content/80: 8d7c6a1c7e6d58c40e36de640030f4fb
    content/81: aa86d22ba1174fcb6c2399a5367b7eb3
    content/82: 0147c1d2371526957c954e6ba3a4a497
    content/83: 0abc3050a3526cd3ef5036f98ab4da2f
    content/84: ff7e6a0f3f0d1a8e9188ba8a1ab5c83e
    content/85: 4f431510dd44bc50d78302de730b833a
    content/86: 46e649764e676132df3b2071c4352246
    content/87: fbd131eeabc1ba1f12de14e44c60155b
    content/88: 8c308e80377a7228021a4c71b75f7e5b
    content/89: db98db1b77b5701518cc989656be65b1
    content/90: aa86d22ba1174fcb6c2399a5367b7eb3
    content/91: 991ba980de06819b51b0a2afbf0ea4de
    content/92: 7a13302a245b587877a3a4adc06bfcdb
    content/93: 73142542d0cc3f22fe0bf13d752356bf
    content/94: 6adc8368e7524f1084f66c07392561c5
    content/95: 329db40c8de149e992cf7c8c86c85124
    content/96: 532c64fa539ecfda6b819d79ffc978a5
    content/97: 7be33d5f66246431debeb85c5d7977d2
    content/98: fbd131eeabc1ba1f12de14e44c60155b
    content/99: 92c44c1a7dd8f934dafd2ffe73f9ac4d
    content/100: ce3cdada9749f44b3da1b2e29accaf99
    content/101: c148f41b64a4e43bbce6e801edced8a5
    content/102: 0032e3b4b6f84958868add2c37bfa15b
    content/103: 4526009c1563356c22075e7b2f0f49f7
    content/104: 300aeb0033b21a2a014070c85f3cab61
    content/105: c955e9917dcfacf6cabf0877e50a97e7
    content/106: 532c64fa539ecfda6b819d79ffc978a5
    content/107: beb7a1ffdf5ac23ba68b0aa929d6d5b3
    content/108: f9f94ca530fee2d0e35170e3d3e795ee
    content/109: be14e07853f36ccf1c3ce513a98b2dd7
    content/110: a1aad7630c6a8d664bde98bd046dedc2
    content/111: 4b11e0bc3924ca1bfb6f6d080794379b
    content/112: e9a7066d60dff19e016c77ce51eb3c7d
    content/113: fbd131eeabc1ba1f12de14e44c60155b
    content/114: beb7a1ffdf5ac23ba68b0aa929d6d5b3
    content/115: 5239dbbeff70511b0f3444370e00ab3b
    content/116: be14e07853f36ccf1c3ce513a98b2dd7
    content/117: 4d934fa2f525170597802b91d609805e
    content/118: 4b11e0bc3924ca1bfb6f6d080794379b
    content/119: 75a6b27d6d1af7580d4f8819b87eceec
    content/120: 5764a4faf8072cd1e9c91a9a4a796226
    content/121: 8d60dc75cc12ec0c0e795c869fe9e39c
    content/122: 53f538dc288085fc4ca7e88f16061333
    content/123: b5829b740dfcb79f99d0e955f19aa635
    content/124: 33dd3556ad1f9d0cb21c872ea4419f59
    content/125: 5add80131019504c7a5c81a81855880c
    content/126: 532c64fa539ecfda6b819d79ffc978a5
    content/127: 2c75df9946cf436f268b1acbf7bb3c17
    content/128: fbd131eeabc1ba1f12de14e44c60155b
    content/129: 5690517c65f0f53b8be38e6cc14aa63d
    content/130: 251e1c4f7fbd5c0094b4939a0ba8d48e
    content/131: 00f3066eee15e5780f2ef0d1a4bc3769
    content/132: ad51f2de9681ef204db0f1c458eb9505
    content/133: 9b49af1601fbf7132fef6ebf400173d9
    content/134: c03859332fc4a6824bb2bc20ddb7c460
    content/135: 01b73b171c9d1420c6c0a37df0545c96
    content/136: 2ff78a7555656bee7bfa6e8f37e19144
    content/137: 89381d2f61834b55cb64bdddc3b88276
