version: 1
checksums:
  77624f597c2092ea61483d71313398c3:
    meta/title: 0a2cc2035f59644733615dd8675b3618
    meta/summary: dd9c3e74401afb579e4668b11f11f2ab
    meta/author: 5cc899158b9a4b8e2a6abaf26c498786
    content/0: 4dfc7a0ee6a9dc089d8a76ad27d38754
    content/1: 133929451ee05c91d68b75a15bfe6596
    content/2: c89b46f8b2f582e06111a6c96b82e8bf
    content/3: 417995a6cdfb7ab127e5431b5b5ef720
    content/4: aa9c76dbf759c838e8bd62ae85825e52
    content/5: 5704f51f430cbaa8d6452b38c91ea485
    content/6: 8db8789e2a220825c9df6c3706bb8389
    content/7: 6278ebdd79f1ea718aabeb8e40b5f999
    content/8: 37ad0f04abb0e32b88e3bd6b79bb7110
    content/9: f3103fdf8e9bd164be82af6c84e17b81
    content/10: f030df31e8f24b9890bc9b7d7d387a69
    content/11: da348e7e947e0d6054f2b177abc6060b
    content/12: 83e15bc1599d243ca5efee3bb6da3152
    content/13: 3c176fdcdcc855b44cb42da632312e73
    content/14: cecd264ec97755c0100c8bc7d5b0bd70
    content/15: 426e9e0abc16c001e04cfb03c9611a6b
    content/16: a42f584c463c26a44c5c6d0f6cb8ace0
    content/17: e54125a6e2a6fea17309a2c8949e2490
    content/18: 79ef1a72bb4e09c347e3a0afae68c18d
    content/19: 3feea98e670a946eefdd2fc48d7b99b5
    content/20: 51adf33450cab2ef392e93147386647c
    content/21: 66ba09daf8e0ae94effa4b98f19ded22
    content/22: fed9e643c4a407e5fa118690285a85ed
    content/23: 5975348444539ca25e20d05e53b87105
    content/24: 7f019348c6dd5d97e746f32741241c55
    content/25: 5678250e0f9cff6a5b71f42ff222bd2d
