version: 1
checksums:
  aeece0e59000b5e246fcd47641fde067:
    title: 18b89a4c985977256f3f4aca14834f58
    description: 4759574560d93c33276f3c57a2d3f003
    field1: f01e599cced8b7d7105329947b5096de
    field2: 591116d7c70944a65821b8ac01f30e6a
    field3/field4: 18b89a4c985977256f3f4aca14834f58
  0d1abbacc6d742097863ba4d910983a2:
    home/title%2Fmain: 35d8cc80baa8d63dbc854b3674acdfe0
    home/description%2Fdev: c9e612bc3fd041dd984ab3e7f2d77e24
    home/i-am-a-developer: d8feacce28faea3fd4228a1ebcb11473
    home/welcome: 7306095503f36fcb4936811a16c47df4
    home/get_started: e7965bdd92d09d2ccf3ac251624227e3
    home/learn_more: f641a9737a376255c31a3ce6e0d1d802
    navigation/home: 104a3db3b671c04e167eafbe21e57881
    navigation/features: 341ff316a339b106a178f0b8d362951b
    navigation/pricing: ce27f1aeacccc542a174c4b2bce022b0
    navigation/about: 944521eeeed2511833d2299931273c71
    navigation/contact: 9afa39bc47019ee6dec6c74b6273967c
    navigation/login: 9fb886eff8d1d67d8bb79f5c3f78edde
    navigation/signup: a6a0b995463f62ce6a12e37f1d05a9bd
    navigation/dashboard: c9380ea68c8c76ea451bd9613329a07c
    features/title: 7c7a85024b86e71e87e79fff6870abc5
    features/subtitle: ca32b522547678f6847ae7439e48e3b5
    features/feature_1/title: e65bd67323b805f267405c08e4fc412d
    features/feature_1/description: 4d6546ae010e58c476f27879b13e2faa
    features/feature_2/title: 6b5898be8657874b5f60ebda418a65f7
    features/feature_2/description: d6b652f2199fd2ebd7e69804a5e24d1b
    features/feature_3/title: 9de5f240b7f51eecda6af80a6bdbb1bf
    features/feature_3/description: 462066b864b5a21874f9c31c110361ed
    features/feature_4/title: e3544a4823498d157686cd0c693809b4
    features/feature_4/description: 10efe7b9052744bfaf5248bb247c79da
    pricing/title: 0929298fba7953f20a93b8213593713b
    pricing/subtitle: 348d1668e2fa45cdd9b042c1fc9c7053
    pricing/monthly: 818f1192e32bb855597f930d3e78806e
    pricing/yearly: 87f43e016c19cb25860f456549a2f431
    pricing/save: af1b6db6602422023a1d3ba63344df3d
    pricing/plans/free/name: 0326365539c004f6088656f692602078
    pricing/plans/free/price: c8038ce413d90cb582293b26924bc735
    pricing/plans/free/description: 7ff94676a6c684308298cb0bfad6d49a
    pricing/plans/free/features/0: f6078bf94554d405ff06c7e0c53cefc9
    pricing/plans/free/features/1: 2dc6cbdda575d6d562e7f3297ede0e0f
    pricing/plans/free/features/2: 204fff311e75b72ed8e62221dce0546c
    pricing/plans/free/features/3: 7d6e8763a664c739e4b1b17dcf6b3d24
    pricing/plans/pro/name: 0059ac0aac3f10a46b28c095e697cbbb
    pricing/plans/pro/price: e74def9bd64d10e9a0a1106926a895ae
    pricing/plans/pro/description: c8b70251766b98913b779b50e92eeb65
    pricing/plans/pro/features/0: 8be6ef15f208d43fb87c62e51af00da5
    pricing/plans/pro/features/1: ec3adcbe735ba24706889efd8752c1b0
    pricing/plans/pro/features/2: 7c20fc1aa298196670f2a91c6bb77957
    pricing/plans/pro/features/3: ba86ddd272252bf41fe76785628abff1
    pricing/plans/enterprise/name: c70474271708e5b27392fde87462fa26
    pricing/plans/enterprise/price: b7b89901f46267f532600a23cfc54ae2
    pricing/plans/enterprise/description: 186523f13794a3b5cb3dc50cf2a3540a
    pricing/plans/enterprise/features/0: 816c99ef6f50b3471d212412715912fd
    pricing/plans/enterprise/features/1: 2567aeac1b193b0b940e821fa90063d1
    pricing/plans/enterprise/features/2: 146588c6ba10edfeb4946f1abdef7742
    pricing/plans/enterprise/features/3: d499c4094672366e96f5dc38e82765cd
    pricing/cta: 5c783951b0100a168bdd2161ff294833
    pricing/contact_sales: 96b007a10422b3b066647330a8d5adf9
    about/title: 8f89131a66d4659be07cd5af2c7ea898
    about/mission: bf81b7a1d23e9d8014e0d55984a6ba89
    about/story: 9f2954e52f013b9f1dbd444b8e90d95f
    about/team/title: 3effd2afec9a044956080e5be8065fdd
    about/team/members/ceo/name: e04ff15d1dbd70b46a8ab0ce36c39ccd
    about/team/members/ceo/role: fd6855a2c35b6dd25a45700d13c109c2
    about/team/members/ceo/bio: 1f2c6b0aa3469367bec699ebb056bbe5
    about/team/members/cto/name: febee8e9ab40b2fe5106d72675228d00
    about/team/members/cto/role: 8969cd6bb5a49670ce1e4388839c0862
    about/team/members/cto/bio: 30c4d245d972ce06dabd0cae2b233aad
    about/team/members/head_of_product/name: 2b2bff7382232cb0b641470f30f4fe18
    about/team/members/head_of_product/role: 05fba7c68234b0d185b845021a80d7ef
    about/team/members/head_of_product/bio: e4561a5d58a1909620efbd858df86ed4
    contact/title: 2a75337dc9603915c4ec1d1905afb7b9
    contact/subtitle: 92943bc0b5f470330f85467fe82bc627
    contact/form/name: 9368b5a047572b6051f334af5aa76819
    contact/form/email: e7f34943a0c2fb849db1839ff6ef5cb5
    contact/form/subject: de5b885eb327b2f233f3b67aab4c4c0a
    contact/form/message: f2f72126bd244cfc534eab395e054362
    contact/form/submit: 487177489aafc9c0243c57ef3850a2d9
    contact/success: d1929bed086d2177e153075050a259e7
    contact/error: 2db16f3221be8e8099ac3fee6d2cbf93
    auth/login/title: 88f0beb509622ce2f3a22128a9ec9ba5
    auth/login/email: e7f34943a0c2fb849db1839ff6ef5cb5
    auth/login/password: 223a61cf906ab9c40d22612c588dff48
    auth/login/forgot_password: 707454f0ef158b81060a11f2d9cbce57
    auth/login/submit: 9fb886eff8d1d67d8bb79f5c3f78edde
    auth/login/no_account: 613efdc05ae6d04b7136d199645c56ac
    auth/login/signup: a6a0b995463f62ce6a12e37f1d05a9bd
    auth/signup/title: bc53a57281d2701563f94f3169518028
    auth/signup/name: f45991923345e8322c9ff8cd6b7e2b16
    auth/signup/email: e7f34943a0c2fb849db1839ff6ef5cb5
    auth/signup/password: 223a61cf906ab9c40d22612c588dff48
    auth/signup/confirm_password: b5cdb861d8deb598b0613d48098b82b6
    auth/signup/terms: 22fb0035ec539f1d7bc199fa9d611971
    auth/signup/terms_link: 5add91f519e39025708e54a7eb7a9fc5
    auth/signup/privacy_link: 7459744a63ef8af4e517a09024bd7c08
    auth/signup/submit: a6a0b995463f62ce6a12e37f1d05a9bd
    auth/signup/has_account: 699043a787e26ec2ecad53f52df28d5b
    auth/signup/login: 9fb886eff8d1d67d8bb79f5c3f78edde
    auth/forgot_password/title: 93a0b939aac3e0d9e7df4ed63a7134ec
    auth/forgot_password/email: e7f34943a0c2fb849db1839ff6ef5cb5
    auth/forgot_password/submit: f71dc8b110edfd74e603d62945dc5d64
    auth/forgot_password/back_to_login: 6bcc9859839f32dc2b4295e1565919a4
    dashboard/welcome: 82fa4700873c36043a045d691d306ed6
    dashboard/projects/title: 8b59e61cda8b09f7be64778e309ed0e0
    dashboard/projects/create: e4855ea534ccbd5bfcd3c10237432f3d
    dashboard/projects/empty: 411e7ff8ea7a82c9492b1dc296303d10
    dashboard/projects/search: f61e73deb2e57b981691f336552856d4
    dashboard/stats/words_translated: eb213a0ff24b65dc52ca5b39be669c55
    dashboard/stats/languages: 2d2a54a7cbbf640ba2aff643a8a3c7c1
    dashboard/stats/files: aee803d2f576ac1200c73b691191a916
    dashboard/stats/last_updated: e1c731316d903fa762f5c302fa907756
    dashboard/recent_activity/title: d4b07b3b4faedbd20762ab8a665d979d
    dashboard/recent_activity/empty: c7b64228ee16c8ee0142d331af70b079
    errors/not_found/title: 97612e6230bc7a1ebd99380bf561b732
    errors/not_found/message: 65ad307ba26227fe44343f17e52138de
    errors/not_found/back_home: 377f3be7cfb6c1ffb55a75d90ce91f2f
    errors/server_error/title: d574aa7e2d84d112dc79ac0e59d794cf
    errors/server_error/message: 4bad29ff62b13c4ef76da30ed8c91e3f
    errors/server_error/contact_support: 32a4dee2033635e334a5f4d34724e3e0
    errors/unauthorized/title: 556fa31baa40c7b7cd008f594de36a63
    errors/unauthorized/message: 759ca522663d8f628718332f756dd6c4
    errors/unauthorized/login: 9fb886eff8d1d67d8bb79f5c3f78edde
    errors/forbidden/title: 589456a5c4103e29c44e9df16a4eaf82
    errors/forbidden/message: a602e7d4046ff33fb1e616839e4ebf3d
    errors/forbidden/contact_admin: e4e638ecfe4485903a184820ac516bd4
    common/loading: 82b4ea7ed1439094d7c4be13aaba9a66
    common/save: f7a2929f33bc420195e59ac5a8bcd454
    common/cancel: 2e2a849c2223911717de8caa2c71bade
    common/delete: 8bcf303dd10a645b5baacb02b47d72c9
    common/edit: eee7f39ff90b18852afc1671f21fbaa9
    common/view: 36a9b5e3dc153c036d320460d72a03c3
    common/search: 49dd6c21604b5e8d4153ff1aff2177e1
    common/filter: 626325a05e4c8800f7ede7012b0cadaf
    common/sort: 8b928fb3b68d93ccda40bed22261e796
    common/next: 89ddbcf710eba274963494f312bdc8a9
    common/previous: 25c58dd62f190368a3d2c4c97b385ea9
    common/submit: 7c91ef5f747eea9f77a9c4f23e19fb2e
    common/confirm: 90930b51154032f119fa75c1bd422d8b
    common/yes: ec580fd11a45779b039466f1e35eed2a
    common/no: 8c708225830b06df2d1141c536f2a0d6
    common/success: e7c9fe48ac87b4a2fbf184d02f06d798
    common/error: aa0e3e08c5dae936f353d1a9ef5e9fa9
    common/warning: f3cd3c6fc56e920f60d59bb4596cd4f7
    common/info: 0b59a25a921d0209230247cb3e13cdd0
    common/required: 04d7fb6f37ffe0a6ca97d49e2a8b6eb5
    common/optional: 396fb9a0472daf401c392bdc3e248943
    common/learn_more: e598091d132f890c37a6d4ed94f6d794
    common/show_more: 36b0433c56ba1e0f2deae76b8e04a557
    common/show_less: 377af19e130feb94abe6fc3d281b55fd
    footer/copyright: e0a8180e2cb2d7501cb829f6bd5f2629
    footer/terms: 5add91f519e39025708e54a7eb7a9fc5
    footer/privacy: 7459744a63ef8af4e517a09024bd7c08
    footer/cookies: 3729dde157adf062b3f07301ae3cd596
    footer/contact: 2a75337dc9603915c4ec1d1905afb7b9
    footer/social/follow_us: 778f7a4744f77dbcbd31a8c778cb5209
    footer/social/twitter: ba3d4aed69a50759b53a0b7c319a3ad9
    footer/social/facebook: ac8afe226a7424849c247e6a9d566f64
    footer/social/linkedin: f29b78f253094277c2e9ef79d10b5e4f
    footer/social/github: 6e1cf3c00fa6fbe24afcc78ea3b5f3e4
